
Microsoft Visual Studio Solution File, Format Version 12.00
# Visual Studio Version 16
VisualStudioVersion = 16.0.31320.298
MinimumVisualStudioVersion = 10.0.40219.1
Project("{FAE04EC0-301F-11D3-BF4B-00C04F79EFBC}") = "Ighan.Analytics.StorageModels", "Ighan.Analytics.StorageModels\Ighan.Analytics.StorageModels.csproj", "{8CC59E94-B29F-401E-AD2D-B9A17405B0D6}"
EndProject
Project("{FAE04EC0-301F-11D3-BF4B-00C04F79EFBC}") = "Ighan.Analytics.DataAccessLayer", "Ighan.Analytics.DataAccessLayer\Ighan.Analytics.DataAccessLayer.csproj", "{A1E57298-AE95-4367-ACFA-ECAF9DF2D9DC}"
EndProject
Project("{FAE04EC0-301F-11D3-BF4B-00C04F79EFBC}") = "Ighan.Analytics.WebApi", "Ighan.Analytics.WebApi\Ighan.Analytics.WebApi.csproj", "{1423D416-66B6-49F3-BF48-D12FC9698DE3}"
EndProject
Global
	GlobalSection(SolutionConfigurationPlatforms) = preSolution
		Debug|Any CPU = Debug|Any CPU
		Release|Any CPU = Release|Any CPU
	EndGlobalSection
	GlobalSection(ProjectConfigurationPlatforms) = postSolution
		{8CC59E94-B29F-401E-AD2D-B9A17405B0D6}.Debug|Any CPU.ActiveCfg = Debug|Any CPU
		{8CC59E94-B29F-401E-AD2D-B9A17405B0D6}.Debug|Any CPU.Build.0 = Debug|Any CPU
		{8CC59E94-B29F-401E-AD2D-B9A17405B0D6}.Release|Any CPU.ActiveCfg = Release|Any CPU
		{8CC59E94-B29F-401E-AD2D-B9A17405B0D6}.Release|Any CPU.Build.0 = Release|Any CPU
		{A1E57298-AE95-4367-ACFA-ECAF9DF2D9DC}.Debug|Any CPU.ActiveCfg = Debug|Any CPU
		{A1E57298-AE95-4367-ACFA-ECAF9DF2D9DC}.Debug|Any CPU.Build.0 = Debug|Any CPU
		{A1E57298-AE95-4367-ACFA-ECAF9DF2D9DC}.Release|Any CPU.ActiveCfg = Release|Any CPU
		{A1E57298-AE95-4367-ACFA-ECAF9DF2D9DC}.Release|Any CPU.Build.0 = Release|Any CPU
		{1423D416-66B6-49F3-BF48-D12FC9698DE3}.Debug|Any CPU.ActiveCfg = Debug|Any CPU
		{1423D416-66B6-49F3-BF48-D12FC9698DE3}.Debug|Any CPU.Build.0 = Debug|Any CPU
		{1423D416-66B6-49F3-BF48-D12FC9698DE3}.Release|Any CPU.ActiveCfg = Release|Any CPU
		{1423D416-66B6-49F3-BF48-D12FC9698DE3}.Release|Any CPU.Build.0 = Release|Any CPU
	EndGlobalSection
	GlobalSection(SolutionProperties) = preSolution
		HideSolutionNode = FALSE
	EndGlobalSection
	GlobalSection(ExtensibilityGlobals) = postSolution
		SolutionGuid = {FB7A9A4C-124B-476D-9B44-29E0CD5D9B64}
	EndGlobalSection
EndGlobal
